{
  "nodes": {
    "darwin": {
      "inputs": {
        "nixpkgs": [
          "nixpkgs"
        ]
      },
      "locked": {
        "lastModified": 1613595894,
        "narHash": "sha256-MOk/7rCAUB5Lf4GL+HimvyAAZXYEw8gWsq5nW4PPQQA=",
        "owner": "lnl7",
        "repo": "nix-darwin",
        "rev": "5c3146b75d5d478f0693d0ea6c83f1da8382ff56",
        "type": "github"
      },
      "original": {
        "owner": "lnl7",
        "repo": "nix-darwin",
        "type": "github"
      }
    },
    "dns-heaven": {
      "flake": false,
      "locked": {
        "lastModified": 1592461594,
        "narHash": "sha256-b8oWS9nnoksvAfQMJFXTKqxIGJhIa/Fgtqz3btEBhPQ=",
        "owner": "jduepmeier",
        "repo": "dns-heaven",
        "rev": "3a38e6cb0430753b579490b8bd4652e3fda5fc5d",
        "type": "github"
      },
      "original": {
        "owner": "jduepmeier",
        "repo": "dns-heaven",
        "rev": "3a38e6cb0430753b579490b8bd4652e3fda5fc5d",
        "type": "github"
      }
    },
    "flake-utils": {
      "locked": {
        "lastModified": 1610051610,
        "narHash": "sha256-U9rPz/usA1/Aohhk7Cmc2gBrEEKRzcW4nwPWMPwja4Y=",
        "owner": "numtide",
        "repo": "flake-utils",
        "rev": "3982c9903e93927c2164caa727cd3f6a0e6d14cc",
        "type": "github"
      },
      "original": {
        "owner": "numtide",
        "repo": "flake-utils",
        "type": "github"
      }
    },
    "home": {
      "inputs": {
        "nixpkgs": [
          "nixpkgs"
        ]
      },
      "locked": {
        "lastModified": 1614028896,
        "narHash": "sha256-MeXlsYzPn/aWdfqRJvW/yBfPdQ0qcQCkDvu2+9X2Q4E=",
        "owner": "nix-community",
        "repo": "home-manager",
        "rev": "7582090eb0f64144995d4fb9d5e52343e2c3f64b",
        "type": "github"
      },
      "original": {
        "owner": "nix-community",
        "repo": "home-manager",
        "type": "github"
      }
    },
    "nixpkgs": {
      "locked": {
        "lastModified": 1614012903,
        "narHash": "sha256-QZkn/ZEgYUpHvJUu5rI8PHwxYoAwM2vv1z42vfSETdU=",
        "owner": "nixos",
        "repo": "nixpkgs",
        "rev": "8542021fe7f9f777294649b1cdc853240806ff21",
        "type": "github"
      },
      "original": {
        "owner": "nixos",
        "ref": "nixpkgs-unstable",
        "repo": "nixpkgs",
        "type": "github"
      }
    },
    "root": {
      "inputs": {
        "darwin": "darwin",
        "dns-heaven": "dns-heaven",
        "flake-utils": "flake-utils",
        "home": "home",
        "nixpkgs": "nixpkgs",
        "viscosity-sh": "viscosity-sh"
      }
    },
    "viscosity-sh": {
      "flake": false,
      "locked": {
        "lastModified": 1455182068,
        "narHash": "sha256-YDjSluk7Ceonnb7WU+GMUX9xdEEV7+u85y0rCZnboMc=",
        "owner": "andreax79",
        "repo": "viscosity.sh",
        "rev": "407385f43f0c5d149af4eafa9f6ae09e7895288d",
        "type": "github"
      },
      "original": {
        "owner": "andreax79",
        "repo": "viscosity.sh",
        "rev": "407385f43f0c5d149af4eafa9f6ae09e7895288d",
        "type": "github"
      }
    }
  },
  "root": "root",
  "version": 7
}
